// !$*UTF8*$!
{
	archiveVersion = 1;
	classes = {
	};
	objectVersion = 46;
	objects = {

/* Begin PBXBuildFile section */
		55EF22C720E4DC2F005CB120 /* TabBarController.swift in Sources */ = {isa = PBXBuildFile; fileRef = 55EF22C620E4DC2F005CB120 /* TabBarController.swift */; };
		87201D1B2025707100BDC864 /* GenericViewController.swift in Sources */ = {isa = PBXBuildFile; fileRef = 87201D1A2025707100BDC864 /* GenericViewController.swift */; };
		87201D682029B94600BDC864 /* NavigationController.swift in Sources */ = {isa = PBXBuildFile; fileRef = 87201D672029B94600BDC864 /* NavigationController.swift */; };
		872FD3FC2021CE360063E5CE /* ActionsViewController.swift in Sources */ = {isa = PBXBuildFile; fileRef = 872FD3FB2021CE360063E5CE /* ActionsViewController.swift */; };
		872FD3FE2021E1B80063E5CE /* TurbolinksAction.swift in Sources */ = {isa = PBXBuildFile; fileRef = 872FD3FD2021E1B80063E5CE /* TurbolinksAction.swift */; };
		87441D5E2037935400C938EC /* TurbolinksSession.swift in Sources */ = {isa = PBXBuildFile; fileRef = 87441D5D2037935400C938EC /* TurbolinksSession.swift */; };
		876100991FF01CFB00C90539 /* RNTurbolinksManager.swift in Sources */ = {isa = PBXBuildFile; fileRef = 876100981FF01CFB00C90539 /* RNTurbolinksManager.swift */; };
		877052EB1FF0B3350089741D /* RNTurbolinksManagerBridge.m in Sources */ = {isa = PBXBuildFile; fileRef = 8761009A1FF01D1700C90539 /* RNTurbolinksManagerBridge.m */; };
		877053131FF27E910089741D /* WebViewController.swift in Sources */ = {isa = PBXBuildFile; fileRef = 877053121FF27E900089741D /* WebViewController.swift */; };
		87A7F684207C55D5009E0A9B /* CustomVisitableView.swift in Sources */ = {isa = PBXBuildFile; fileRef = 87A7F683207C55D5009E0A9B /* CustomVisitableView.swift */; };
		87B4C2BF2014DF9800FA5A46 /* TurbolinksRoute.swift in Sources */ = {isa = PBXBuildFile; fileRef = 87B4C2BE2014DF9800FA5A46 /* TurbolinksRoute.swift */; };
		87B4C2DB2015946400FA5A46 /* NativeViewController.swift in Sources */ = {isa = PBXBuildFile; fileRef = 87B4C2DA2015946400FA5A46 /* NativeViewController.swift */; };
		87BFAD8020195D4E0063FCDF /* TitleView.swift in Sources */ = {isa = PBXBuildFile; fileRef = 87BFAD7F20195D4E0063FCDF /* TitleView.swift */; };
/* End PBXBuildFile section */

/* Begin PBXCopyFilesBuildPhase section */
		58B511D91A9E6C8500147676 /* CopyFiles */ = {
			isa = PBXCopyFilesBuildPhase;
			buildActionMask = 2147483647;
			dstPath = "include/$(PRODUCT_NAME)";
			dstSubfolderSpec = 16;
			files = (
			);
			runOnlyForDeploymentPostprocessing = 0;
		};
/* End PBXCopyFilesBuildPhase section */

/* Begin PBXFileReference section */
		134814201AA4EA6300B7C361 /* libRNTurbolinks.a */ = {isa = PBXFileReference; explicitFileType = archive.ar; includeInIndex = 0; path = libRNTurbolinks.a; sourceTree = BUILT_PRODUCTS_DIR; };
		55EF22C620E4DC2F005CB120 /* TabBarController.swift */ = {isa = PBXFileReference; fileEncoding = 4; lastKnownFileType = sourcecode.swift; path = TabBarController.swift; sourceTree = "<group>"; };
		87201D1A2025707100BDC864 /* GenericViewController.swift */ = {isa = PBXFileReference; lastKnownFileType = sourcecode.swift; path = GenericViewController.swift; sourceTree = "<group>"; };
		87201D672029B94600BDC864 /* NavigationController.swift */ = {isa = PBXFileReference; lastKnownFileType = sourcecode.swift; path = NavigationController.swift; sourceTree = "<group>"; };
		872FD3FB2021CE360063E5CE /* ActionsViewController.swift */ = {isa = PBXFileReference; lastKnownFileType = sourcecode.swift; path = ActionsViewController.swift; sourceTree = "<group>"; };
		872FD3FD2021E1B80063E5CE /* TurbolinksAction.swift */ = {isa = PBXFileReference; lastKnownFileType = sourcecode.swift; path = TurbolinksAction.swift; sourceTree = "<group>"; };
		87441D5D2037935400C938EC /* TurbolinksSession.swift */ = {isa = PBXFileReference; lastKnownFileType = sourcecode.swift; path = TurbolinksSession.swift; sourceTree = "<group>"; };
		876100981FF01CFB00C90539 /* RNTurbolinksManager.swift */ = {isa = PBXFileReference; lastKnownFileType = sourcecode.swift; path = RNTurbolinksManager.swift; sourceTree = "<group>"; };
		8761009A1FF01D1700C90539 /* RNTurbolinksManagerBridge.m */ = {isa = PBXFileReference; lastKnownFileType = sourcecode.c.objc; path = RNTurbolinksManagerBridge.m; sourceTree = "<group>"; };
		8761009C1FF01D3900C90539 /* RNTurbolinks-Bridging-Header.h */ = {isa = PBXFileReference; lastKnownFileType = sourcecode.c.h; path = "RNTurbolinks-Bridging-Header.h"; sourceTree = "<group>"; };
		877053121FF27E900089741D /* WebViewController.swift */ = {isa = PBXFileReference; lastKnownFileType = sourcecode.swift; path = WebViewController.swift; sourceTree = "<group>"; };
		87A7F683207C55D5009E0A9B /* CustomVisitableView.swift */ = {isa = PBXFileReference; lastKnownFileType = sourcecode.swift; path = CustomVisitableView.swift; sourceTree = "<group>"; };
		87B4C2BE2014DF9800FA5A46 /* TurbolinksRoute.swift */ = {isa = PBXFileReference; lastKnownFileType = sourcecode.swift; path = TurbolinksRoute.swift; sourceTree = "<group>"; };
		87B4C2DA2015946400FA5A46 /* NativeViewController.swift */ = {isa = PBXFileReference; lastKnownFileType = sourcecode.swift; path = NativeViewController.swift; sourceTree = "<group>"; };
		87BFAD7F20195D4E0063FCDF /* TitleView.swift */ = {isa = PBXFileReference; lastKnownFileType = sourcecode.swift; path = TitleView.swift; sourceTree = "<group>"; };
/* End PBXFileReference section */

/* Begin PBXFrameworksBuildPhase section */
		58B511D81A9E6C8500147676 /* Frameworks */ = {
			isa = PBXFrameworksBuildPhase;
			buildActionMask = 2147483647;
			files = (
			);
			runOnlyForDeploymentPostprocessing = 0;
		};
/* End PBXFrameworksBuildPhase section */

/* Begin PBXGroup section */
		134814211AA4EA7D00B7C361 /* Products */ = {
			isa = PBXGroup;
			children = (
				134814201AA4EA6300B7C361 /* libRNTurbolinks.a */,
			);
			name = Products;
			sourceTree = "<group>";
		};
		58B511D21A9E6C8500147676 = {
			isa = PBXGroup;
			children = (
				87BFAD82201A06E70063FCDF /* TurbolinksModels */,
				87BFAD81201A06990063FCDF /* TurbolinksViews */,
				8761009C1FF01D3900C90539 /* RNTurbolinks-Bridging-Header.h */,
				8761009A1FF01D1700C90539 /* RNTurbolinksManagerBridge.m */,
				876100981FF01CFB00C90539 /* RNTurbolinksManager.swift */,
				134814211AA4EA7D00B7C361 /* Products */,
			);
			sourceTree = "<group>";
		};
		87BFAD81201A06990063FCDF /* TurbolinksViews */ = {
			isa = PBXGroup;
			children = (
				87BFAD7F20195D4E0063FCDF /* TitleView.swift */,
				877053121FF27E900089741D /* WebViewController.swift */,
				87B4C2DA2015946400FA5A46 /* NativeViewController.swift */,
				872FD3FB2021CE360063E5CE /* ActionsViewController.swift */,
				87201D1A2025707100BDC864 /* GenericViewController.swift */,
				87A7F683207C55D5009E0A9B /* CustomVisitableView.swift */,
			);
			path = TurbolinksViews;
			sourceTree = "<group>";
		};
		87BFAD82201A06E70063FCDF /* TurbolinksModels */ = {
			isa = PBXGroup;
			children = (
				87201D672029B94600BDC864 /* NavigationController.swift */,
				55EF22C620E4DC2F005CB120 /* TabBarController.swift */,
				87B4C2BE2014DF9800FA5A46 /* TurbolinksRoute.swift */,
				872FD3FD2021E1B80063E5CE /* TurbolinksAction.swift */,
				87441D5D2037935400C938EC /* TurbolinksSession.swift */,
			);
			name = TurbolinksModels;
			path = TurbolinksUtils;
			sourceTree = "<group>";
		};
/* End PBXGroup section */

/* Begin PBXNativeTarget section */
		58B511DA1A9E6C8500147676 /* RNTurbolinks */ = {
			isa = PBXNativeTarget;
			buildConfigurationList = 58B511EF1A9E6C8500147676 /* Build configuration list for PBXNativeTarget "RNTurbolinks" */;
			buildPhases = (
				58B511D71A9E6C8500147676 /* Sources */,
				58B511D81A9E6C8500147676 /* Frameworks */,
				58B511D91A9E6C8500147676 /* CopyFiles */,
			);
			buildRules = (
			);
			dependencies = (
			);
			name = RNTurbolinks;
			productName = RCTDataManager;
			productReference = 134814201AA4EA6300B7C361 /* libRNTurbolinks.a */;
			productType = "com.apple.product-type.library.static";
		};
/* End PBXNativeTarget section */

/* Begin PBXProject section */
		58B511D31A9E6C8500147676 /* Project object */ = {
			isa = PBXProject;
			attributes = {
				LastUpgradeCheck = 0830;
				ORGANIZATIONNAME = Facebook;
				TargetAttributes = {
					58B511DA1A9E6C8500147676 = {
						CreatedOnToolsVersion = 6.1.1;
						LastSwiftMigration = 0920;
					};
				};
			};
			buildConfigurationList = 58B511D61A9E6C8500147676 /* Build configuration list for PBXProject "RNTurbolinks" */;
			compatibilityVersion = "Xcode 3.2";
			developmentRegion = English;
			hasScannedForEncodings = 0;
			knownRegions = (
				en,
			);
			mainGroup = 58B511D21A9E6C8500147676;
			productRefGroup = 58B511D21A9E6C8500147676;
			projectDirPath = "";
			projectRoot = "";
			targets = (
				58B511DA1A9E6C8500147676 /* RNTurbolinks */,
			);
		};
/* End PBXProject section */

/* Begin PBXSourcesBuildPhase section */
		58B511D71A9E6C8500147676 /* Sources */ = {
			isa = PBXSourcesBuildPhase;
			buildActionMask = 2147483647;
			files = (
				87441D5E2037935400C938EC /* TurbolinksSession.swift in Sources */,
				55EF22C720E4DC2F005CB120 /* TabBarController.swift in Sources */,
				87B4C2DB2015946400FA5A46 /* NativeViewController.swift in Sources */,
				87B4C2BF2014DF9800FA5A46 /* TurbolinksRoute.swift in Sources */,
				877052EB1FF0B3350089741D /* RNTurbolinksManagerBridge.m in Sources */,
				876100991FF01CFB00C90539 /* RNTurbolinksManager.swift in Sources */,
				87A7F684207C55D5009E0A9B /* CustomVisitableView.swift in Sources */,
				87201D682029B94600BDC864 /* NavigationController.swift in Sources */,
				87201D1B2025707100BDC864 /* GenericViewController.swift in Sources */,
				87BFAD8020195D4E0063FCDF /* TitleView.swift in Sources */,
				872FD3FE2021E1B80063E5CE /* TurbolinksAction.swift in Sources */,
				877053131FF27E910089741D /* WebViewController.swift in Sources */,
				872FD3FC2021CE360063E5CE /* ActionsViewController.swift in Sources */,
			);
			runOnlyForDeploymentPostprocessing = 0;
		};
/* End PBXSourcesBuildPhase section */

/* Begin XCBuildConfiguration section */
		58B511ED1A9E6C8500147676 /* Debug */ = {
			isa = XCBuildConfiguration;
			buildSettings = {
				ALWAYS_SEARCH_USER_PATHS = NO;
				CLANG_CXX_LANGUAGE_STANDARD = "gnu++0x";
				CLANG_CXX_LIBRARY = "libc++";
				CLANG_ENABLE_MODULES = YES;
				CLANG_ENABLE_OBJC_ARC = YES;
				CLANG_WARN_BOOL_CONVERSION = YES;
				CLANG_WARN_CONSTANT_CONVERSION = YES;
				CLANG_WARN_DIRECT_OBJC_ISA_USAGE = YES_ERROR;
				CLANG_WARN_EMPTY_BODY = YES;
				CLANG_WARN_ENUM_CONVERSION = YES;
				CLANG_WARN_INFINITE_RECURSION = YES;
				CLANG_WARN_INT_CONVERSION = YES;
				CLANG_WARN_OBJC_ROOT_CLASS = YES_ERROR;
				CLANG_WARN_SUSPICIOUS_MOVE = YES;
				CLANG_WARN_UNREACHABLE_CODE = YES;
				CLANG_WARN__DUPLICATE_METHOD_MATCH = YES;
				COPY_PHASE_STRIP = NO;
				ENABLE_STRICT_OBJC_MSGSEND = YES;
				ENABLE_TESTABILITY = YES;
				GCC_C_LANGUAGE_STANDARD = gnu99;
				GCC_DYNAMIC_NO_PIC = NO;
				GCC_NO_COMMON_BLOCKS = YES;
				GCC_OPTIMIZATION_LEVEL = 0;
				GCC_PREPROCESSOR_DEFINITIONS = (
					"DEBUG=1",
					"$(inherited)",
				);
				GCC_SYMBOLS_PRIVATE_EXTERN = NO;
				GCC_WARN_64_TO_32_BIT_CONVERSION = YES;
				GCC_WARN_ABOUT_RETURN_TYPE = YES_ERROR;
				GCC_WARN_UNDECLARED_SELECTOR = YES;
				GCC_WARN_UNINITIALIZED_AUTOS = YES_AGGRESSIVE;
				GCC_WARN_UNUSED_FUNCTION = YES;
				GCC_WARN_UNUSED_VARIABLE = YES;
				IPHONEOS_DEPLOYMENT_TARGET = 9.0;
				MTL_ENABLE_DEBUG_INFO = YES;
				ONLY_ACTIVE_ARCH = YES;
				SDKROOT = iphoneos;
			};
			name = Debug;
		};
		58B511EE1A9E6C8500147676 /* Release */ = {
			isa = XCBuildConfiguration;
			buildSettings = {
				ALWAYS_SEARCH_USER_PATHS = NO;
				CLANG_CXX_LANGUAGE_STANDARD = "gnu++0x";
				CLANG_CXX_LIBRARY = "libc++";
				CLANG_ENABLE_MODULES = YES;
				CLANG_ENABLE_OBJC_ARC = YES;
				CLANG_WARN_BOOL_CONVERSION = YES;
				CLANG_WARN_CONSTANT_CONVERSION = YES;
				CLANG_WARN_DIRECT_OBJC_ISA_USAGE = YES_ERROR;
				CLANG_WARN_EMPTY_BODY = YES;
				CLANG_WARN_ENUM_CONVERSION = YES;
				CLANG_WARN_INFINITE_RECURSION = YES;
				CLANG_WARN_INT_CONVERSION = YES;
				CLANG_WARN_OBJC_ROOT_CLASS = YES_ERROR;
				CLANG_WARN_SUSPICIOUS_MOVE = YES;
				CLANG_WARN_UNREACHABLE_CODE = YES;
				CLANG_WARN__DUPLICATE_METHOD_MATCH = YES;
				COPY_PHASE_STRIP = YES;
				ENABLE_NS_ASSERTIONS = NO;
				ENABLE_STRICT_OBJC_MSGSEND = YES;
				GCC_C_LANGUAGE_STANDARD = gnu99;
				GCC_NO_COMMON_BLOCKS = YES;
				GCC_WARN_64_TO_32_BIT_CONVERSION = YES;
				GCC_WARN_ABOUT_RETURN_TYPE = YES_ERROR;
				GCC_WARN_UNDECLARED_SELECTOR = YES;
				GCC_WARN_UNINITIALIZED_AUTOS = YES_AGGRESSIVE;
				GCC_WARN_UNUSED_FUNCTION = YES;
				GCC_WARN_UNUSED_VARIABLE = YES;
				IPHONEOS_DEPLOYMENT_TARGET = 9.0;
				MTL_ENABLE_DEBUG_INFO = NO;
				SDKROOT = iphoneos;
				VALIDATE_PRODUCT = YES;
			};
			name = Release;
		};
		58B511F01A9E6C8500147676 /* Debug */ = {
			isa = XCBuildConfiguration;
			buildSettings = {
				ALWAYS_EMBED_SWIFT_STANDARD_LIBRARIES = NO;
				CLANG_ENABLE_MODULES = YES;
				FRAMEWORK_SEARCH_PATHS = (
					"$(inherited)",
					"$(PROJECT_DIR)",
				);
				HEADER_SEARCH_PATHS = (
					"$(inherited)",
					/Applications/Xcode.app/Contents/Developer/Toolchains/XcodeDefault.xctoolchain/usr/include,
					"$(SRCROOT)/../../../React/**",
					"$(SRCROOT)/../../react-native/React/**",
				);
				IPHONEOS_DEPLOYMENT_TARGET = 9.0;
				LD_RUNPATH_SEARCH_PATHS = "$(inherited) @executable_path/Frameworks @loader_path/Frameworks";
				LIBRARY_SEARCH_PATHS = "$(inherited)";
				OTHER_LDFLAGS = "-ObjC";
				PRODUCT_NAME = RNTurbolinks;
				SKIP_INSTALL = YES;
				SWIFT_OBJC_BRIDGING_HEADER = "RNTurbolinks-Bridging-Header.h";
				SWIFT_OPTIMIZATION_LEVEL = "-Onone";
				SWIFT_VERSION = 4.0;
			};
			name = Debug;
		};
		58B511F11A9E6C8500147676 /* Release */ = {
			isa = XCBuildConfiguration;
			buildSettings = {
				ALWAYS_EMBED_SWIFT_STANDARD_LIBRARIES = NO;
				CLANG_ENABLE_MODULES = YES;
				FRAMEWORK_SEARCH_PATHS = (
					"$(inherited)",
					"$(PROJECT_DIR)",
				);
				HEADER_SEARCH_PATHS = (
					"$(inherited)",
					/Applications/Xcode.app/Contents/Developer/Toolchains/XcodeDefault.xctoolchain/usr/include,
					"$(SRCROOT)/../../../React/**",
					"$(SRCROOT)/../../react-native/React/**",
				);
				IPHONEOS_DEPLOYMENT_TARGET = 9.0;
				LD_RUNPATH_SEARCH_PATHS = "$(inherited) @executable_path/Frameworks @loader_path/Frameworks";
				LIBRARY_SEARCH_PATHS = "$(inherited)";
				OTHER_LDFLAGS = "-ObjC";
				PRODUCT_NAME = RNTurbolinks;
				SKIP_INSTALL = YES;
				SWIFT_OBJC_BRIDGING_HEADER = "RNTurbolinks-Bridging-Header.h";
				SWIFT_VERSION = 4.0;
			};
			name = Release;
		};
/* End XCBuildConfiguration section */

/* Begin XCConfigurationList section */
		58B511D61A9E6C8500147676 /* Build configuration list for PBXProject "RNTurbolinks" */ = {
			isa = XCConfigurationList;
			buildConfigurations = (
				58B511ED1A9E6C8500147676 /* Debug */,
				58B511EE1A9E6C8500147676 /* Release */,
			);
			defaultConfigurationIsVisible = 0;
			defaultConfigurationName = Release;
		};
		58B511EF1A9E6C8500147676 /* Build configuration list for PBXNativeTarget "RNTurbolinks" */ = {
			isa = XCConfigurationList;
			buildConfigurations = (
				58B511F01A9E6C8500147676 /* Debug */,
				58B511F11A9E6C8500147676 /* Release */,
			);
			defaultConfigurationIsVisible = 0;
			defaultConfigurationName = Release;
		};
/* End XCConfigurationList section */
	};
	rootObject = 58B511D31A9E6C8500147676 /* Project object */;
}
